// !$*UTF8*$!
{
	archiveVersion = 1;
	classes = {
	};
	objectVersion = 46;
	objects = {

/* Begin PBXBuildFile section */
		BA3860081DF2F70300CDF812 /* AppDelegate.swift in Sources */ = {isa = PBXBuildFile; fileRef = BA3860071DF2F70300CDF812 /* AppDelegate.swift */; };
		BA38600A1DF2F70300CDF812 /* ViewController.swift in Sources */ = {isa = PBXBuildFile; fileRef = BA3860091DF2F70300CDF812 /* ViewController.swift */; };
		BA38600D1DF2F70300CDF812 /* Main.storyboard in Resources */ = {isa = PBXBuildFile; fileRef = BA38600B1DF2F70300CDF812 /* Main.storyboard */; };
		BA38600F1DF2F70300CDF812 /* Assets.xcassets in Resources */ = {isa = PBXBuildFile; fileRef = BA38600E1DF2F70300CDF812 /* Assets.xcassets */; };
		BA3860121DF2F70300CDF812 /* LaunchScreen.storyboard in Resources */ = {isa = PBXBuildFile; fileRef = BA3860101DF2F70300CDF812 /* LaunchScreen.storyboard */; };
		BA38601D1DF2F70300CDF812 /* eavaTests.swift in Sources */ = {isa = PBXBuildFile; fileRef = BA38601C1DF2F70300CDF812 /* eavaTests.swift */; };
		BA3860281DF2F70300CDF812 /* eavaUITests.swift in Sources */ = {isa = PBXBuildFile; fileRef = BA3860271DF2F70300CDF812 /* eavaUITests.swift */; };
/* End PBXBuildFile section */

/* Begin PBXContainerItemProxy section */
		BA3860191DF2F70300CDF812 /* PBXContainerItemProxy */ = {
			isa = PBXContainerItemProxy;
			containerPortal = BA385FFC1DF2F70300CDF812 /* Project object */;
			proxyType = 1;
			remoteGlobalIDString = BA3860031DF2F70300CDF812;
			remoteInfo = eava;
		};
		BA3860241DF2F70300CDF812 /* PBXContainerItemProxy */ = {
			isa = PBXContainerItemProxy;
			containerPortal = BA385FFC1DF2F70300CDF812 /* Project object */;
			proxyType = 1;
			remoteGlobalIDString = BA3860031DF2F70300CDF812;
			remoteInfo = eava;
		};
/* End PBXContainerItemProxy section */

/* Begin PBXFileReference section */
		BA3860041DF2F70300CDF812 /* eava.app */ = {isa = PBXFileReference; explicitFileType = wrapper.application; includeInIndex = 0; path = eava.app; sourceTree = BUILT_PRODUCTS_DIR; };
		BA3860071DF2F70300CDF812 /* AppDelegate.swift */ = {isa = PBXFileReference; lastKnownFileType = sourcecode.swift; path = AppDelegate.swift; sourceTree = "<group>"; };
		BA3860091DF2F70300CDF812 /* ViewController.swift */ = {isa = PBXFileReference; lastKnownFileType = sourcecode.swift; path = ViewController.swift; sourceTree = "<group>"; };
		BA38600C1DF2F70300CDF812 /* Base */ = {isa = PBXFileReference; lastKnownFileType = file.storyboard; name = Base; path = Base.lproj/Main.storyboard; sourceTree = "<group>"; };
		BA38600E1DF2F70300CDF812 /* Assets.xcassets */ = {isa = PBXFileReference; lastKnownFileType = folder.assetcatalog; path = Assets.xcassets; sourceTree = "<group>"; };
		BA3860111DF2F70300CDF812 /* Base */ = {isa = PBXFileReference; lastKnownFileType = file.storyboard; name = Base; path = Base.lproj/LaunchScreen.storyboard; sourceTree = "<group>"; };
		BA3860131DF2F70300CDF812 /* Info.plist */ = {isa = PBXFileReference; lastKnownFileType = text.plist.xml; path = Info.plist; sourceTree = "<group>"; };
		BA3860181DF2F70300CDF812 /* eavaTests.xctest */ = {isa = PBXFileReference; explicitFileType = wrapper.cfbundle; includeInIndex = 0; path = eavaTests.xctest; sourceTree = BUILT_PRODUCTS_DIR; };
		BA38601C1DF2F70300CDF812 /* eavaTests.swift */ = {isa = PBXFileReference; lastKnownFileType = sourcecode.swift; path = eavaTests.swift; sourceTree = "<group>"; };
		BA38601E1DF2F70300CDF812 /* Info.plist */ = {isa = PBXFileReference; lastKnownFileType = text.plist.xml; path = Info.plist; sourceTree = "<group>"; };
		BA3860231DF2F70300CDF812 /* eavaUITests.xctest */ = {isa = PBXFileReference; explicitFileType = wrapper.cfbundle; includeInIndex = 0; path = eavaUITests.xctest; sourceTree = BUILT_PRODUCTS_DIR; };
		BA3860271DF2F70300CDF812 /* eavaUITests.swift */ = {isa = PBXFileReference; lastKnownFileType = sourcecode.swift; path = eavaUITests.swift; sourceTree = "<group>"; };
		BA3860291DF2F70300CDF812 /* Info.plist */ = {isa = PBXFileReference; lastKnownFileType = text.plist.xml; path = Info.plist; sourceTree = "<group>"; };
/* End PBXFileReference section */

/* Begin PBXFrameworksBuildPhase section */
		BA3860011DF2F70300CDF812 /* Frameworks */ = {
			isa = PBXFrameworksBuildPhase;
			buildActionMask = 2147483647;
			files = (
			);
			runOnlyForDeploymentPostprocessing = 0;
		};
		BA3860151DF2F70300CDF812 /* Frameworks */ = {
			isa = PBXFrameworksBuildPhase;
			buildActionMask = 2147483647;
			files = (
			);
			runOnlyForDeploymentPostprocessing = 0;
		};
		BA3860201DF2F70300CDF812 /* Frameworks */ = {
			isa = PBXFrameworksBuildPhase;
			buildActionMask = 2147483647;
			files = (
			);
			runOnlyForDeploymentPostprocessing = 0;
		};
/* End PBXFrameworksBuildPhase section */

/* Begin PBXGroup section */
		BA385FFB1DF2F70300CDF812 = {
			isa = PBXGroup;
			children = (
				BA3860061DF2F70300CDF812 /* eava */,
				BA38601B1DF2F70300CDF812 /* eavaTests */,
				BA3860261DF2F70300CDF812 /* eavaUITests */,
				BA3860051DF2F70300CDF812 /* Products */,
			);
			sourceTree = "<group>";
		};
		BA3860051DF2F70300CDF812 /* Products */ = {
			isa = PBXGroup;
			children = (
				BA3860041DF2F70300CDF812 /* eava.app */,
				BA3860181DF2F70300CDF812 /* eavaTests.xctest */,
				BA3860231DF2F70300CDF812 /* eavaUITests.xctest */,
			);
			name = Products;
			sourceTree = "<group>";
		};
		BA3860061DF2F70300CDF812 /* eava */ = {
			isa = PBXGroup;
			children = (
				BA3860071DF2F70300CDF812 /* AppDelegate.swift */,
				BA3860091DF2F70300CDF812 /* ViewController.swift */,
				BA38600B1DF2F70300CDF812 /* Main.storyboard */,
				BA38600E1DF2F70300CDF812 /* Assets.xcassets */,
				BA3860101DF2F70300CDF812 /* LaunchScreen.storyboard */,
				BA3860131DF2F70300CDF812 /* Info.plist */,
			);
			path = eava;
			sourceTree = "<group>";
		};
		BA38601B1DF2F70300CDF812 /* eavaTests */ = {
			isa = PBXGroup;
			children = (
				BA38601C1DF2F70300CDF812 /* eavaTests.swift */,
				BA38601E1DF2F70300CDF812 /* Info.plist */,
			);
			path = eavaTests;
			sourceTree = "<group>";
		};
		BA3860261DF2F70300CDF812 /* eavaUITests */ = {
			isa = PBXGroup;
			children = (
				BA3860271DF2F70300CDF812 /* eavaUITests.swift */,
				BA3860291DF2F70300CDF812 /* Info.plist */,
			);
			path = eavaUITests;
			sourceTree = "<group>";
		};
/* End PBXGroup section */

/* Begin PBXNativeTarget section */
		BA3860031DF2F70300CDF812 /* eava */ = {
			isa = PBXNativeTarget;
			buildConfigurationList = BA38602C1DF2F70300CDF812 /* Build configuration list for PBXNativeTarget "eava" */;
			buildPhases = (
				BA3860001DF2F70300CDF812 /* Sources */,
				BA3860011DF2F70300CDF812 /* Frameworks */,
				BA3860021DF2F70300CDF812 /* Resources */,
			);
			buildRules = (
			);
			dependencies = (
			);
			name = eava;
			productName = eava;
			productReference = BA3860041DF2F70300CDF812 /* eava.app */;
			productType = "com.apple.product-type.application";
		};
		BA3860171DF2F70300CDF812 /* eavaTests */ = {
			isa = PBXNativeTarget;
			buildConfigurationList = BA38602F1DF2F70300CDF812 /* Build configuration list for PBXNativeTarget "eavaTests" */;
			buildPhases = (
				BA3860141DF2F70300CDF812 /* Sources */,
				BA3860151DF2F70300CDF812 /* Frameworks */,
				BA3860161DF2F70300CDF812 /* Resources */,
			);
			buildRules = (
			);
			dependencies = (
				BA38601A1DF2F70300CDF812 /* PBXTargetDependency */,
			);
			name = eavaTests;
			productName = eavaTests;
			productReference = BA3860181DF2F70300CDF812 /* eavaTests.xctest */;
			productType = "com.apple.product-type.bundle.unit-test";
		};
		BA3860221DF2F70300CDF812 /* eavaUITests */ = {
			isa = PBXNativeTarget;
			buildConfigurationList = BA3860321DF2F70300CDF812 /* Build configuration list for PBXNativeTarget "eavaUITests" */;
			buildPhases = (
				BA38601F1DF2F70300CDF812 /* Sources */,
				BA3860201DF2F70300CDF812 /* Frameworks */,
				BA3860211DF2F70300CDF812 /* Resources */,
			);
			buildRules = (
			);
			dependencies = (
				BA3860251DF2F70300CDF812 /* PBXTargetDependency */,
			);
			name = eavaUITests;
			productName = eavaUITests;
			productReference = BA3860231DF2F70300CDF812 /* eavaUITests.xctest */;
			productType = "com.apple.product-type.bundle.ui-testing";
		};
/* End PBXNativeTarget section */

/* Begin PBXProject section */
		BA385FFC1DF2F70300CDF812 /* Project object */ = {
			isa = PBXProject;
			attributes = {
				LastSwiftUpdateCheck = 0730;
				LastUpgradeCheck = 0730;
				ORGANIZATIONNAME = "大嶋 広也eavaHiroya Oshima";
				TargetAttributes = {
					BA3860031DF2F70300CDF812 = {
						CreatedOnToolsVersion = 7.3.1;
					};
					BA3860171DF2F70300CDF812 = {
						CreatedOnToolsVersion = 7.3.1;
						TestTargetID = BA3860031DF2F70300CDF812;
					};
					BA3860221DF2F70300CDF812 = {
						CreatedOnToolsVersion = 7.3.1;
						TestTargetID = BA3860031DF2F70300CDF812;
					};
				};
			};
			buildConfigurationList = BA385FFF1DF2F70300CDF812 /* Build configuration list for PBXProject "eava" */;
			compatibilityVersion = "Xcode 3.2";
			developmentRegion = English;
			hasScannedForEncodings = 0;
			knownRegions = (
				en,
				Base,
			);
			mainGroup = BA385FFB1DF2F70300CDF812;
			productRefGroup = BA3860051DF2F70300CDF812 /* Products */;
			projectDirPath = "";
			projectRoot = "";
			targets = (
				BA3860031DF2F70300CDF812 /* eava */,
				BA3860171DF2F70300CDF812 /* eavaTests */,
				BA3860221DF2F70300CDF812 /* eavaUITests */,
			);
		};
/* End PBXProject section */

/* Begin PBXResourcesBuildPhase section */
		BA3860021DF2F70300CDF812 /* Resources */ = {
			isa = PBXResourcesBuildPhase;
			buildActionMask = 2147483647;
			files = (
				BA3860121DF2F70300CDF812 /* LaunchScreen.storyboard in Resources */,
				BA38600F1DF2F70300CDF812 /* Assets.xcassets in Resources */,
				BA38600D1DF2F70300CDF812 /* Main.storyboard in Resources */,
			);
			runOnlyForDeploymentPostprocessing = 0;
		};
		BA3860161DF2F70300CDF812 /* Resources */ = {
			isa = PBXResourcesBuildPhase;
			buildActionMask = 2147483647;
			files = (
			);
			runOnlyForDeploymentPostprocessing = 0;
		};
		BA3860211DF2F70300CDF812 /* Resources */ = {
			isa = PBXResourcesBuildPhase;
			buildActionMask = 2147483647;
			files = (
			);
			runOnlyForDeploymentPostprocessing = 0;
		};
/* End PBXResourcesBuildPhase section */

/* Begin PBXSourcesBuildPhase section */
		BA3860001DF2F70300CDF812 /* Sources */ = {
			isa = PBXSourcesBuildPhase;
			buildActionMask = 2147483647;
			files = (
				BA38600A1DF2F70300CDF812 /* ViewController.swift in Sources */,
				BA3860081DF2F70300CDF812 /* AppDelegate.swift in Sources */,
			);
			runOnlyForDeploymentPostprocessing = 0;
		};
		BA3860141DF2F70300CDF812 /* Sources */ = {
			isa = PBXSourcesBuildPhase;
			buildActionMask = 2147483647;
			files = (
				BA38601D1DF2F70300CDF812 /* eavaTests.swift in Sources */,
			);
			runOnlyForDeploymentPostprocessing = 0;
		};
		BA38601F1DF2F70300CDF812 /* Sources */ = {
			isa = PBXSourcesBuildPhase;
			buildActionMask = 2147483647;
			files = (
				BA3860281DF2F70300CDF812 /* eavaUITests.swift in Sources */,
			);
			runOnlyForDeploymentPostprocessing = 0;
		};
/* End PBXSourcesBuildPhase section */

/* Begin PBXTargetDependency section */
		BA38601A1DF2F70300CDF812 /* PBXTargetDependency */ = {
			isa = PBXTargetDependency;
			target = BA3860031DF2F70300CDF812 /* eava */;
			targetProxy = BA3860191DF2F70300CDF812 /* PBXContainerItemProxy */;
		};
		BA3860251DF2F70300CDF812 /* PBXTargetDependency */ = {
			isa = PBXTargetDependency;
			target = BA3860031DF2F70300CDF812 /* eava */;
			targetProxy = BA3860241DF2F70300CDF812 /* PBXContainerItemProxy */;
		};
/* End PBXTargetDependency section */

/* Begin PBXVariantGroup section */
		BA38600B1DF2F70300CDF812 /* Main.storyboard */ = {
			isa = PBXVariantGroup;
			children = (
				BA38600C1DF2F70300CDF812 /* Base */,
			);
			name = Main.storyboard;
			sourceTree = "<group>";
		};
		BA3860101DF2F70300CDF812 /* LaunchScreen.storyboard */ = {
			isa = PBXVariantGroup;
			children = (
				BA3860111DF2F70300CDF812 /* Base */,
			);
			name = LaunchScreen.storyboard;
			sourceTree = "<group>";
		};
/* End PBXVariantGroup section */

/* Begin XCBuildConfiguration section */
		BA38602A1DF2F70300CDF812 /* Debug */ = {
			isa = XCBuildConfiguration;
			buildSettings = {
				ALWAYS_SEARCH_USER_PATHS = NO;
				CLANG_ANALYZER_NONNULL = YES;
				CLANG_CXX_LANGUAGE_STANDARD = "gnu++0x";
				CLANG_CXX_LIBRARY = "libc++";
				CLANG_ENABLE_MODULES = YES;
				CLANG_ENABLE_OBJC_ARC = YES;
				CLANG_WARN_BOOL_CONVERSION = YES;
				CLANG_WARN_CONSTANT_CONVERSION = YES;
				CLANG_WARN_DIRECT_OBJC_ISA_USAGE = YES_ERROR;
				CLANG_WARN_EMPTY_BODY = YES;
				CLANG_WARN_ENUM_CONVERSION = YES;
				CLANG_WARN_INT_CONVERSION = YES;
				CLANG_WARN_OBJC_ROOT_CLASS = YES_ERROR;
				CLANG_WARN_UNREACHABLE_CODE = YES;
				CLANG_WARN__DUPLICATE_METHOD_MATCH = YES;
				"CODE_SIGN_IDENTITY[sdk=iphoneos*]" = "iPhone Developer";
				COPY_PHASE_STRIP = NO;
				DEBUG_INFORMATION_FORMAT = dwarf;
				ENABLE_STRICT_OBJC_MSGSEND = YES;
				ENABLE_TESTABILITY = YES;
				GCC_C_LANGUAGE_STANDARD = gnu99;
				GCC_DYNAMIC_NO_PIC = NO;
				GCC_NO_COMMON_BLOCKS = YES;
				GCC_OPTIMIZATION_LEVEL = 0;
				GCC_PREPROCESSOR_DEFINITIONS = (
					"DEBUG=1",
					"$(inherited)",
				);
				GCC_WARN_64_TO_32_BIT_CONVERSION = YES;
				GCC_WARN_ABOUT_RETURN_TYPE = YES_ERROR;
				GCC_WARN_UNDECLARED_SELECTOR = YES;
				GCC_WARN_UNINITIALIZED_AUTOS = YES_AGGRESSIVE;
				GCC_WARN_UNUSED_FUNCTION = YES;
				GCC_WARN_UNUSED_VARIABLE = YES;
				IPHONEOS_DEPLOYMENT_TARGET = 9.3;
				MTL_ENABLE_DEBUG_INFO = YES;
				ONLY_ACTIVE_ARCH = YES;
				SDKROOT = iphoneos;
				SWIFT_OPTIMIZATION_LEVEL = "-Onone";
				TARGETED_DEVICE_FAMILY = "1,2";
			};
			name = Debug;
		};
		BA38602B1DF2F70300CDF812 /* Release */ = {
			isa = XCBuildConfiguration;
			buildSettings = {
				ALWAYS_SEARCH_USER_PATHS = NO;
				CLANG_ANALYZER_NONNULL = YES;
				CLANG_CXX_LANGUAGE_STANDARD = "gnu++0x";
				CLANG_CXX_LIBRARY = "libc++";
				CLANG_ENABLE_MODULES = YES;
				CLANG_ENABLE_OBJC_ARC = YES;
				CLANG_WARN_BOOL_CONVERSION = YES;
				CLANG_WARN_CONSTANT_CONVERSION = YES;
				CLANG_WARN_DIRECT_OBJC_ISA_USAGE = YES_ERROR;
				CLANG_WARN_EMPTY_BODY = YES;
				CLANG_WARN_ENUM_CONVERSION = YES;
				CLANG_WARN_INT_CONVERSION = YES;
				CLANG_WARN_OBJC_ROOT_CLASS = YES_ERROR;
				CLANG_WARN_UNREACHABLE_CODE = YES;
				CLANG_WARN__DUPLICATE_METHOD_MATCH = YES;
				"CODE_SIGN_IDENTITY[sdk=iphoneos*]" = "iPhone Developer";
				COPY_PHASE_STRIP = NO;
				DEBUG_INFORMATION_FORMAT = "dwarf-with-dsym";
				ENABLE_NS_ASSERTIONS = NO;
				ENABLE_STRICT_OBJC_MSGSEND = YES;
				GCC_C_LANGUAGE_STANDARD = gnu99;
				GCC_NO_COMMON_BLOCKS = YES;
				GCC_WARN_64_TO_32_BIT_CONVERSION = YES;
				GCC_WARN_ABOUT_RETURN_TYPE = YES_ERROR;
				GCC_WARN_UNDECLARED_SELECTOR = YES;
				GCC_WARN_UNINITIALIZED_AUTOS = YES_AGGRESSIVE;
				GCC_WARN_UNUSED_FUNCTION = YES;
				GCC_WARN_UNUSED_VARIABLE = YES;
				IPHONEOS_DEPLOYMENT_TARGET = 9.3;
				MTL_ENABLE_DEBUG_INFO = NO;
				SDKROOT = iphoneos;
				TARGETED_DEVICE_FAMILY = "1,2";
				VALIDATE_PRODUCT = YES;
			};
			name = Release;
		};
		BA38602D1DF2F70300CDF812 /* Debug */ = {
			isa = XCBuildConfiguration;
			buildSettings = {
				ASSETCATALOG_COMPILER_APPICON_NAME = AppIcon;
				INFOPLIST_FILE = eava/Info.plist;
				LD_RUNPATH_SEARCH_PATHS = "$(inherited) @executable_path/Frameworks";
				PRODUCT_BUNDLE_IDENTIFIER = "eavaHiroya-Oshima.eava";
				PRODUCT_NAME = "$(TARGET_NAME)";
			};
			name = Debug;
		};
		BA38602E1DF2F70300CDF812 /* Release */ = {
			isa = XCBuildConfiguration;
			buildSettings = {
				ASSETCATALOG_COMPILER_APPICON_NAME = AppIcon;
				INFOPLIST_FILE = eava/Info.plist;
				LD_RUNPATH_SEARCH_PATHS = "$(inherited) @executable_path/Frameworks";
				PRODUCT_BUNDLE_IDENTIFIER = "eavaHiroya-Oshima.eava";
				PRODUCT_NAME = "$(TARGET_NAME)";
			};
			name = Release;
		};
		BA3860301DF2F70300CDF812 /* Debug */ = {
			isa = XCBuildConfiguration;
			buildSettings = {
				BUNDLE_LOADER = "$(TEST_HOST)";
				INFOPLIST_FILE = eavaTests/Info.plist;
				LD_RUNPATH_SEARCH_PATHS = "$(inherited) @executable_path/Frameworks @loader_path/Frameworks";
				PRODUCT_BUNDLE_IDENTIFIER = "eavaHiroya-Oshima.eavaTests";
				PRODUCT_NAME = "$(TARGET_NAME)";
				TEST_HOST = "$(BUILT_PRODUCTS_DIR)/eava.app/eava";
			};
			name = Debug;
		};
		BA3860311DF2F70300CDF812 /* Release */ = {
			isa = XCBuildConfiguration;
			buildSettings = {
				BUNDLE_LOADER = "$(TEST_HOST)";
				INFOPLIST_FILE = eavaTests/Info.plist;
				LD_RUNPATH_SEARCH_PATHS = "$(inherited) @executable_path/Frameworks @loader_path/Frameworks";
				PRODUCT_BUNDLE_IDENTIFIER = "eavaHiroya-Oshima.eavaTests";
				PRODUCT_NAME = "$(TARGET_NAME)";
				TEST_HOST = "$(BUILT_PRODUCTS_DIR)/eava.app/eava";
			};
			name = Release;
		};
		BA3860331DF2F70300CDF812 /* Debug */ = {
			isa = XCBuildConfiguration;
			buildSettings = {
				INFOPLIST_FILE = eavaUITests/Info.plist;
				LD_RUNPATH_SEARCH_PATHS = "$(inherited) @executable_path/Frameworks @loader_path/Frameworks";
				PRODUCT_BUNDLE_IDENTIFIER = "eavaHiroya-Oshima.eavaUITests";
				PRODUCT_NAME = "$(TARGET_NAME)";
				TEST_TARGET_NAME = eava;
			};
			name = Debug;
		};
		BA3860341DF2F70300CDF812 /* Release */ = {
			isa = XCBuildConfiguration;
			buildSettings = {
				INFOPLIST_FILE = eavaUITests/Info.plist;
				LD_RUNPATH_SEARCH_PATHS = "$(inherited) @executable_path/Frameworks @loader_path/Frameworks";
				PRODUCT_BUNDLE_IDENTIFIER = "eavaHiroya-Oshima.eavaUITests";
				PRODUCT_NAME = "$(TARGET_NAME)";
				TEST_TARGET_NAME = eava;
			};
			name = Release;
		};
/* End XCBuildConfiguration section */

/* Begin XCConfigurationList section */
		BA385FFF1DF2F70300CDF812 /* Build configuration list for PBXProject "eava" */ = {
			isa = XCConfigurationList;
			buildConfigurations = (
				BA38602A1DF2F70300CDF812 /* Debug */,
				BA38602B1DF2F70300CDF812 /* Release */,
			);
			defaultConfigurationIsVisible = 0;
			defaultConfigurationName = Release;
		};
		BA38602C1DF2F70300CDF812 /* Build configuration list for PBXNativeTarget "eava" */ = {
			isa = XCConfigurationList;
			buildConfigurations = (
				BA38602D1DF2F70300CDF812 /* Debug */,
				BA38602E1DF2F70300CDF812 /* Release */,
			);
			defaultConfigurationIsVisible = 0;
		};
		BA38602F1DF2F70300CDF812 /* Build configuration list for PBXNativeTarget "eavaTests" */ = {
			isa = XCConfigurationList;
			buildConfigurations = (
				BA3860301DF2F70300CDF812 /* Debug */,
				BA3860311DF2F70300CDF812 /* Release */,
			);
			defaultConfigurationIsVisible = 0;
		};
		BA3860321DF2F70300CDF812 /* Build configuration list for PBXNativeTarget "eavaUITests" */ = {
			isa = XCConfigurationList;
			buildConfigurations = (
				BA3860331DF2F70300CDF812 /* Debug */,
				BA3860341DF2F70300CDF812 /* Release */,
			);
			defaultConfigurationIsVisible = 0;
		};
/* End XCConfigurationList section */
	};
	rootObject = BA385FFC1DF2F70300CDF812 /* Project object */;
}
